
Microsoft Visual Studio Solution File, Format Version 12.00
Project("{FAE04EC0-301F-11D3-BF4B-00C04F79EFBC}") = "cnvrt", "cnvrt\cnvrt.csproj", "{C953AF89-30D2-4B41-A6C5-7EB13BDEAA56}"
EndProject
Global
	GlobalSection(SolutionConfigurationPlatforms) = preSolution
		Debug|Any CPU = Debug|Any CPU
		Release|Any CPU = Release|Any CPU
	EndGlobalSection
	GlobalSection(ProjectConfigurationPlatforms) = postSolution
		{C953AF89-30D2-4B41-A6C5-7EB13BDEAA56}.Debug|Any CPU.ActiveCfg = Debug|Any CPU
		{C953AF89-30D2-4B41-A6C5-7EB13BDEAA56}.Debug|Any CPU.Build.0 = Debug|Any CPU
		{C953AF89-30D2-4B41-A6C5-7EB13BDEAA56}.Release|Any CPU.ActiveCfg = Release|Any CPU
		{C953AF89-30D2-4B41-A6C5-7EB13BDEAA56}.Release|Any CPU.Build.0 = Release|Any CPU
	EndGlobalSection
EndGlobal
